
Microsoft Visual Studio Solution File, Format Version 12.00
# Visual Studio 2017
Project("{FAE04EC0-301F-11D3-BF4B-00C04F79EFBC}") = "Unity_Project", "Unity_Project.csproj", "{A26F1BAE-E301-B09D-C53B-F5CE6B0FAE3A}"
EndProject
Project("{FAE04EC0-301F-11D3-BF4B-00C04F79EFBC}") = "Unity_Project.Plugins", "Unity_Project.Plugins.csproj", "{BF9F225E-E23E-37C4-5940-178DC5384E29}"
EndProject
Global
	GlobalSection(SolutionConfigurationPlatforms) = preSolution
		Debug|Any CPU = Debug|Any CPU
		Release|Any CPU = Release|Any CPU
	EndGlobalSection
	GlobalSection(ProjectConfigurationPlatforms) = postSolution
		{A26F1BAE-E301-B09D-C53B-F5CE6B0FAE3A}.Debug|Any CPU.ActiveCfg = Debug|Any CPU
		{A26F1BAE-E301-B09D-C53B-F5CE6B0FAE3A}.Debug|Any CPU.Build.0 = Debug|Any CPU
		{A26F1BAE-E301-B09D-C53B-F5CE6B0FAE3A}.Release|Any CPU.ActiveCfg = Release|Any CPU
		{A26F1BAE-E301-B09D-C53B-F5CE6B0FAE3A}.Release|Any CPU.Build.0 = Release|Any CPU
		{BF9F225E-E23E-37C4-5940-178DC5384E29}.Debug|Any CPU.ActiveCfg = Debug|Any CPU
		{BF9F225E-E23E-37C4-5940-178DC5384E29}.Debug|Any CPU.Build.0 = Debug|Any CPU
		{BF9F225E-E23E-37C4-5940-178DC5384E29}.Release|Any CPU.ActiveCfg = Release|Any CPU
		{BF9F225E-E23E-37C4-5940-178DC5384E29}.Release|Any CPU.Build.0 = Release|Any CPU
	EndGlobalSection
	GlobalSection(SolutionProperties) = preSolution
		HideSolutionNode = FALSE
	EndGlobalSection
EndGlobal
